lockfileVersion: '9.0'

settings:
  autoInstallPeers: true
  excludeLinksFromLockfile: false

importers:

  .:
    dependencies:
      use-debounce:
        specifier: ^10.1.0
        version: 10.1.0(react@19.2.3)

packages:

  react@19.2.3:
    resolution: {integrity: sha512-Ku/hhYbVjOQnXDZFv2+RibmLFGwFdeeKHFcOTlrt7xplBnya5OGn/hIRDsqDiSUcfORsDC7MPxwork8jBwsIWA==}
    engines: {node: '>=0.10.0'}

  use-debounce@10.1.0:
    resolution: {integrity: sha512-lu87Za35V3n/MyMoEpD5zJv0k7hCn0p+V/fK2kWD+3k2u3kOCwO593UArbczg1fhfs2rqPEnHpULJ3KmGdDzvg==}
    engines: {node: '>= 16.0.0'}
    peerDependencies:
      react: '*'

snapshots:

  react@19.2.3: {}

  use-debounce@10.1.0(react@19.2.3):
    dependencies:
      react: 19.2.3
